
Microsoft Visual Studio Solution File, Format Version 12.00
# Visual Studio 14
VisualStudioVersion = 14.0.25420.1
MinimumVisualStudioVersion = 10.0.40219.1
Project("{FAE04EC0-301F-11D3-BF4B-00C04F79EFBC}") = "Triangle", "Triangle\Triangle.csproj", "{930FE41D-ABA0-4A1B-ADE4-91C109855EE6}"
EndProject
Project("{FAE04EC0-301F-11D3-BF4B-00C04F79EFBC}") = "TriangleTests1", "TriangleTests1\TriangleTests1.csproj", "{4E35D3E3-B90D-4A69-9075-BDC430260535}"
EndProject
Global
	GlobalSection(SolutionConfigurationPlatforms) = preSolution
		Debug|Any CPU = Debug|Any CPU
		Release|Any CPU = Release|Any CPU
	EndGlobalSection
	GlobalSection(ProjectConfigurationPlatforms) = postSolution
		{930FE41D-ABA0-4A1B-ADE4-91C109855EE6}.Debug|Any CPU.ActiveCfg = Debug|Any CPU
		{930FE41D-ABA0-4A1B-ADE4-91C109855EE6}.Debug|Any CPU.Build.0 = Debug|Any CPU
		{930FE41D-ABA0-4A1B-ADE4-91C109855EE6}.Release|Any CPU.ActiveCfg = Release|Any CPU
		{930FE41D-ABA0-4A1B-ADE4-91C109855EE6}.Release|Any CPU.Build.0 = Release|Any CPU
		{4E35D3E3-B90D-4A69-9075-BDC430260535}.Debug|Any CPU.ActiveCfg = Debug|Any CPU
		{4E35D3E3-B90D-4A69-9075-BDC430260535}.Debug|Any CPU.Build.0 = Debug|Any CPU
		{4E35D3E3-B90D-4A69-9075-BDC430260535}.Release|Any CPU.ActiveCfg = Release|Any CPU
		{4E35D3E3-B90D-4A69-9075-BDC430260535}.Release|Any CPU.Build.0 = Release|Any CPU
	EndGlobalSection
	GlobalSection(SolutionProperties) = preSolution
		HideSolutionNode = FALSE
	EndGlobalSection
EndGlobal
